
Microsoft Visual Studio Solution File, Format Version 12.00
Project("{D954291E-2A0B-460D-934E-DC6B0785DB48}") = "WebSocketBrowserClient", "WebSocketBrowserClient.shproj", "{8F6E0629-ECB8-421F-B9F5-BD047E890F32}"
EndProject
Global
	GlobalSection(SolutionConfigurationPlatforms) = preSolution
	EndGlobalSection
	GlobalSection(ProjectConfigurationPlatforms) = postSolution
	EndGlobalSection
EndGlobal
